// !$*UTF8*$!
{
	archiveVersion = 1;
	classes = {
	};
	objectVersion = 46;
	objects = {

/* Begin PBXBuildFile section */
		9B790B2DF7BE6EDA62020091 /* Pods_HvZUITests.framework in Frameworks */ = {isa = PBXBuildFile; fileRef = 828EB694E04A35C71828D953 /* Pods_HvZUITests.framework */; };
		C956B3571D0117C2007D76CD /* AppDelegate.swift in Sources */ = {isa = PBXBuildFile; fileRef = C956B3561D0117C2007D76CD /* AppDelegate.swift */; };
		C956B35C1D0117C2007D76CD /* Main.storyboard in Resources */ = {isa = PBXBuildFile; fileRef = C956B35A1D0117C2007D76CD /* Main.storyboard */; };
		C956B35F1D0117C2007D76CD /* HvZ.xcdatamodeld in Sources */ = {isa = PBXBuildFile; fileRef = C956B35D1D0117C2007D76CD /* HvZ.xcdatamodeld */; };
		C956B3611D0117C2007D76CD /* Assets.xcassets in Resources */ = {isa = PBXBuildFile; fileRef = C956B3601D0117C2007D76CD /* Assets.xcassets */; };
		C956B3641D0117C2007D76CD /* LaunchScreen.storyboard in Resources */ = {isa = PBXBuildFile; fileRef = C956B3621D0117C2007D76CD /* LaunchScreen.storyboard */; };
		C956B36F1D0117C2007D76CD /* HvZUITests.swift in Sources */ = {isa = PBXBuildFile; fileRef = C956B36E1D0117C2007D76CD /* HvZUITests.swift */; };
		C956B37B1D02AA54007D76CD /* LegacyTitleScreenViewController.swift in Sources */ = {isa = PBXBuildFile; fileRef = C956B37A1D02AA54007D76CD /* LegacyTitleScreenViewController.swift */; };
		C956B37F1D02C85A007D76CD /* LoginViewController.swift in Sources */ = {isa = PBXBuildFile; fileRef = C956B37E1D02C85A007D76CD /* LoginViewController.swift */; };
		C956B3811D02CAB2007D76CD /* SignupNameViewController.swift in Sources */ = {isa = PBXBuildFile; fileRef = C956B3801D02CAB2007D76CD /* SignupNameViewController.swift */; };
		C956B3831D02CAFE007D76CD /* SignupPasswordViewController.swift in Sources */ = {isa = PBXBuildFile; fileRef = C956B3821D02CAFE007D76CD /* SignupPasswordViewController.swift */; };
		C956B3851D02CD3A007D76CD /* SignupSUNetIDViewController.swift in Sources */ = {isa = PBXBuildFile; fileRef = C956B3841D02CD3A007D76CD /* SignupSUNetIDViewController.swift */; };
		C956B38B1D02CF39007D76CD /* StatusViewController.swift in Sources */ = {isa = PBXBuildFile; fileRef = C956B38A1D02CF39007D76CD /* StatusViewController.swift */; };
		C956B38E1D02D2BE007D76CD /* PlayersTableViewController.swift in Sources */ = {isa = PBXBuildFile; fileRef = C956B38D1D02D2BE007D76CD /* PlayersTableViewController.swift */; };
		C956B3901D02D386007D76CD /* MissionsTableViewController.swift in Sources */ = {isa = PBXBuildFile; fileRef = C956B38F1D02D386007D76CD /* MissionsTableViewController.swift */; };
		C956B3921D02D3A2007D76CD /* MissionViewController.swift in Sources */ = {isa = PBXBuildFile; fileRef = C956B3911D02D3A2007D76CD /* MissionViewController.swift */; };
		C956B3941D02D4F8007D76CD /* MessageTableViewCell.swift in Sources */ = {isa = PBXBuildFile; fileRef = C956B3931D02D4F8007D76CD /* MessageTableViewCell.swift */; };
		C956B3961D02D717007D76CD /* MessageTableViewController.swift in Sources */ = {isa = PBXBuildFile; fileRef = C956B3951D02D717007D76CD /* MessageTableViewController.swift */; };
		C956B3981D02D744007D76CD /* ConversationsTableViewController.swift in Sources */ = {isa = PBXBuildFile; fileRef = C956B3971D02D744007D76CD /* ConversationsTableViewController.swift */; };
		C956B39A1D02DB06007D76CD /* RulesPageViewController.swift in Sources */ = {isa = PBXBuildFile; fileRef = C956B3991D02DB06007D76CD /* RulesPageViewController.swift */; };
		C956B39C1D02DBEC007D76CD /* InfectionsViewController.swift in Sources */ = {isa = PBXBuildFile; fileRef = C956B39B1D02DBEC007D76CD /* InfectionsViewController.swift */; };
		C956B39E1D02DD09007D76CD /* MissionMapViewController.swift in Sources */ = {isa = PBXBuildFile; fileRef = C956B39D1D02DD09007D76CD /* MissionMapViewController.swift */; };
		C956B3A11D02DFF1007D76CD /* ClanCollectionViewController.swift in Sources */ = {isa = PBXBuildFile; fileRef = C956B3A01D02DFF1007D76CD /* ClanCollectionViewController.swift */; };
		C956B3A31D02E095007D76CD /* ClanDetailTableViewController.swift in Sources */ = {isa = PBXBuildFile; fileRef = C956B3A21D02E095007D76CD /* ClanDetailTableViewController.swift */; };
		C9792EF21D52DB7800F91AA2 /* Login.storyboard in Resources */ = {isa = PBXBuildFile; fileRef = C9792EF11D52DB7800F91AA2 /* Login.storyboard */; };
		C9792EF71D53E3EB00F91AA2 /* TitleScreenViewController.swift in Sources */ = {isa = PBXBuildFile; fileRef = C9792EF61D53E3EB00F91AA2 /* TitleScreenViewController.swift */; };
		C97930991D567C0100F91AA2 /* SearchableFirebaseTableViewDataSource.swift in Sources */ = {isa = PBXBuildFile; fileRef = C97930981D567C0100F91AA2 /* SearchableFirebaseTableViewDataSource.swift */; };
		C990C2FE1D035931000547AF /* ChooseProfilePicViewController.swift in Sources */ = {isa = PBXBuildFile; fileRef = C990C2FD1D035931000547AF /* ChooseProfilePicViewController.swift */; };
		C990C3141D037A87000547AF /* Mission+CoreDataProperties.swift in Sources */ = {isa = PBXBuildFile; fileRef = C990C3001D037A87000547AF /* Mission+CoreDataProperties.swift */; };
		C990C3151D037A87000547AF /* Mission.swift in Sources */ = {isa = PBXBuildFile; fileRef = C990C3011D037A87000547AF /* Mission.swift */; };
		C990C3181D037A87000547AF /* Tag+CoreDataProperties.swift in Sources */ = {isa = PBXBuildFile; fileRef = C990C3041D037A87000547AF /* Tag+CoreDataProperties.swift */; };
		C990C3191D037A87000547AF /* Tag.swift in Sources */ = {isa = PBXBuildFile; fileRef = C990C3051D037A87000547AF /* Tag.swift */; };
		C990C31A1D037A87000547AF /* Clan+CoreDataProperties.swift in Sources */ = {isa = PBXBuildFile; fileRef = C990C3061D037A87000547AF /* Clan+CoreDataProperties.swift */; };
		C990C31B1D037A87000547AF /* Clan.swift in Sources */ = {isa = PBXBuildFile; fileRef = C990C3071D037A87000547AF /* Clan.swift */; };
		C990C31C1D037A87000547AF /* Announcement+CoreDataProperties.swift in Sources */ = {isa = PBXBuildFile; fileRef = C990C3081D037A87000547AF /* Announcement+CoreDataProperties.swift */; };
		C990C31D1D037A87000547AF /* Announcement.swift in Sources */ = {isa = PBXBuildFile; fileRef = C990C3091D037A87000547AF /* Announcement.swift */; };
		C990C31E1D037A87000547AF /* Message+CoreDataProperties.swift in Sources */ = {isa = PBXBuildFile; fileRef = C990C30A1D037A87000547AF /* Message+CoreDataProperties.swift */; };
		C990C31F1D037A87000547AF /* Message.swift in Sources */ = {isa = PBXBuildFile; fileRef = C990C30B1D037A87000547AF /* Message.swift */; };
		C990C3201D037A87000547AF /* MissionWaypoint+CoreDataProperties.swift in Sources */ = {isa = PBXBuildFile; fileRef = C990C30C1D037A87000547AF /* MissionWaypoint+CoreDataProperties.swift */; };
		C990C3211D037A87000547AF /* MissionWaypoint.swift in Sources */ = {isa = PBXBuildFile; fileRef = C990C30D1D037A87000547AF /* MissionWaypoint.swift */; };
		C990C3221D037A87000547AF /* Team+CoreDataProperties.swift in Sources */ = {isa = PBXBuildFile; fileRef = C990C30E1D037A87000547AF /* Team+CoreDataProperties.swift */; };
		C990C3231D037A87000547AF /* Team.swift in Sources */ = {isa = PBXBuildFile; fileRef = C990C30F1D037A87000547AF /* Team.swift */; };
		C990C3261D037A87000547AF /* Conversation+CoreDataProperties.swift in Sources */ = {isa = PBXBuildFile; fileRef = C990C3121D037A87000547AF /* Conversation+CoreDataProperties.swift */; };
		C990C3271D037A87000547AF /* Conversation.swift in Sources */ = {isa = PBXBuildFile; fileRef = C990C3131D037A87000547AF /* Conversation.swift */; };
		C990C3291D037DCB000547AF /* CoreDataTableViewController.swift in Sources */ = {isa = PBXBuildFile; fileRef = C990C3281D037DCB000547AF /* CoreDataTableViewController.swift */; };
		C990C32D1D03810A000547AF /* PlayersTableViewCell.swift in Sources */ = {isa = PBXBuildFile; fileRef = C990C32C1D03810A000547AF /* PlayersTableViewCell.swift */; };
		C990C32F1D0396CF000547AF /* DummyStore.swift in Sources */ = {isa = PBXBuildFile; fileRef = C990C32E1D0396CF000547AF /* DummyStore.swift */; };
		C990C33B1D03C09C000547AF /* Player.swift in Sources */ = {isa = PBXBuildFile; fileRef = C990C3391D03C09C000547AF /* Player.swift */; };
		C990C33D1D03D999000547AF /* Badge.swift in Sources */ = {isa = PBXBuildFile; fileRef = C990C33C1D03D999000547AF /* Badge.swift */; };
		C990C3411D03E6A0000547AF /* BadgeCollectionViewCell.swift in Sources */ = {isa = PBXBuildFile; fileRef = C990C3401D03E6A0000547AF /* BadgeCollectionViewCell.swift */; };
		C9A7D8861D041CBE00D7B2A4 /* BadgePopoverViewController.swift in Sources */ = {isa = PBXBuildFile; fileRef = C9A7D8851D041CBE00D7B2A4 /* BadgePopoverViewController.swift */; };
		C9A7D8881D0422DB00D7B2A4 /* PlayerViewController.swift in Sources */ = {isa = PBXBuildFile; fileRef = C9A7D8871D0422DB00D7B2A4 /* PlayerViewController.swift */; };
		C9A7D88A1D042E4900D7B2A4 /* BadgeCollectionViewController.swift in Sources */ = {isa = PBXBuildFile; fileRef = C9A7D8891D042E4900D7B2A4 /* BadgeCollectionViewController.swift */; };
		C9A7D88C1D04B87F00D7B2A4 /* Growl.wav in Resources */ = {isa = PBXBuildFile; fileRef = C9A7D88B1D04B87F00D7B2A4 /* Growl.wav */; };
		C9A7D88E1D04B88D00D7B2A4 /* HorrorAmbiance.wav in Resources */ = {isa = PBXBuildFile; fileRef = C9A7D88D1D04B88D00D7B2A4 /* HorrorAmbiance.wav */; };
		C9A7D8901D04C4CA00D7B2A4 /* Thriller.mp3 in Resources */ = {isa = PBXBuildFile; fileRef = C9A7D88F1D04C4CA00D7B2A4 /* Thriller.mp3 */; };
		C9A7D8921D04C78E00D7B2A4 /* SignupNavigationController.swift in Sources */ = {isa = PBXBuildFile; fileRef = C9A7D8911D04C78E00D7B2A4 /* SignupNavigationController.swift */; };
		C9A7D8941D052ABC00D7B2A4 /* KeyboardAdaptiveViewController.swift in Sources */ = {isa = PBXBuildFile; fileRef = C9A7D8931D052ABC00D7B2A4 /* KeyboardAdaptiveViewController.swift */; };
		C9C74C7D1D2AD55300799ACA /* GoogleService-Info.plist in Resources */ = {isa = PBXBuildFile; fileRef = C9C74C7C1D2AD55300799ACA /* GoogleService-Info.plist */; };
		CE99EB19B1BDE2E4DF8D1680 /* Pods_HvZ.framework in Frameworks */ = {isa = PBXBuildFile; fileRef = 620BE8E7D8A9D1DFA587928B /* Pods_HvZ.framework */; };
/* End PBXBuildFile section */

/* Begin PBXContainerItemProxy section */
		C956B36B1D0117C2007D76CD /* PBXContainerItemProxy */ = {
			isa = PBXContainerItemProxy;
			containerPortal = C956B34B1D0117C2007D76CD /* Project object */;
			proxyType = 1;
			remoteGlobalIDString = C956B3521D0117C2007D76CD;
			remoteInfo = HvZ;
		};
/* End PBXContainerItemProxy section */

/* Begin PBXFileReference section */
		1C50C77105236BD8B3EB5691 /* Pods-HvZUITests.release.xcconfig */ = {isa = PBXFileReference; includeInIndex = 1; lastKnownFileType = text.xcconfig; name = "Pods-HvZUITests.release.xcconfig"; path = "Pods/Target Support Files/Pods-HvZUITests/Pods-HvZUITests.release.xcconfig"; sourceTree = "<group>"; };
		620BE8E7D8A9D1DFA587928B /* Pods_HvZ.framework */ = {isa = PBXFileReference; explicitFileType = wrapper.framework; includeInIndex = 0; path = Pods_HvZ.framework; sourceTree = BUILT_PRODUCTS_DIR; };
		828EB694E04A35C71828D953 /* Pods_HvZUITests.framework */ = {isa = PBXFileReference; explicitFileType = wrapper.framework; includeInIndex = 0; path = Pods_HvZUITests.framework; sourceTree = BUILT_PRODUCTS_DIR; };
		C956B3531D0117C2007D76CD /* HvZ.app */ = {isa = PBXFileReference; explicitFileType = wrapper.application; includeInIndex = 0; path = HvZ.app; sourceTree = BUILT_PRODUCTS_DIR; };
		C956B3561D0117C2007D76CD /* AppDelegate.swift */ = {isa = PBXFileReference; lastKnownFileType = sourcecode.swift; path = AppDelegate.swift; sourceTree = "<group>"; };
		C956B35B1D0117C2007D76CD /* Base */ = {isa = PBXFileReference; lastKnownFileType = file.storyboard; name = Base; path = Base.lproj/Main.storyboard; sourceTree = "<group>"; };
		C956B35E1D0117C2007D76CD /* HvZ.xcdatamodel */ = {isa = PBXFileReference; lastKnownFileType = wrapper.xcdatamodel; path = HvZ.xcdatamodel; sourceTree = "<group>"; };
		C956B3601D0117C2007D76CD /* Assets.xcassets */ = {isa = PBXFileReference; lastKnownFileType = folder.assetcatalog; path = Assets.xcassets; sourceTree = "<group>"; };
		C956B3631D0117C2007D76CD /* Base */ = {isa = PBXFileReference; lastKnownFileType = file.storyboard; name = Base; path = Base.lproj/LaunchScreen.storyboard; sourceTree = "<group>"; };
		C956B3651D0117C2007D76CD /* Info.plist */ = {isa = PBXFileReference; lastKnownFileType = text.plist.xml; path = Info.plist; sourceTree = "<group>"; };
		C956B36A1D0117C2007D76CD /* HvZUITests.xctest */ = {isa = PBXFileReference; explicitFileType = wrapper.cfbundle; includeInIndex = 0; path = HvZUITests.xctest; sourceTree = BUILT_PRODUCTS_DIR; };
		C956B36E1D0117C2007D76CD /* HvZUITests.swift */ = {isa = PBXFileReference; lastKnownFileType = sourcecode.swift; path = HvZUITests.swift; sourceTree = "<group>"; };
		C956B3701D0117C2007D76CD /* Info.plist */ = {isa = PBXFileReference; lastKnownFileType = text.plist.xml; path = Info.plist; sourceTree = "<group>"; };
		C956B37A1D02AA54007D76CD /* LegacyTitleScreenViewController.swift */ = {isa = PBXFileReference; fileEncoding = 4; lastKnownFileType = sourcecode.swift; path = LegacyTitleScreenViewController.swift; sourceTree = "<group>"; };
		C956B37E1D02C85A007D76CD /* LoginViewController.swift */ = {isa = PBXFileReference; fileEncoding = 4; lastKnownFileType = sourcecode.swift; path = LoginViewController.swift; sourceTree = "<group>"; };
		C956B3801D02CAB2007D76CD /* SignupNameViewController.swift */ = {isa = PBXFileReference; fileEncoding = 4; lastKnownFileType = sourcecode.swift; path = SignupNameViewController.swift; sourceTree = "<group>"; };
		C956B3821D02CAFE007D76CD /* SignupPasswordViewController.swift */ = {isa = PBXFileReference; fileEncoding = 4; lastKnownFileType = sourcecode.swift; path = SignupPasswordViewController.swift; sourceTree = "<group>"; };
		C956B3841D02CD3A007D76CD /* SignupSUNetIDViewController.swift */ = {isa = PBXFileReference; fileEncoding = 4; lastKnownFileType = sourcecode.swift; path = SignupSUNetIDViewController.swift; sourceTree = "<group>"; };
		C956B38A1D02CF39007D76CD /* StatusViewController.swift */ = {isa = PBXFileReference; fileEncoding = 4; lastKnownFileType = sourcecode.swift; path = StatusViewController.swift; sourceTree = "<group>"; };
		C956B38D1D02D2BE007D76CD /* PlayersTableViewController.swift */ = {isa = PBXFileReference; fileEncoding = 4; lastKnownFileType = sourcecode.swift; path = PlayersTableViewController.swift; sourceTree = "<group>"; };
		C956B38F1D02D386007D76CD /* MissionsTableViewController.swift */ = {isa = PBXFileReference; fileEncoding = 4; lastKnownFileType = sourcecode.swift; path = MissionsTableViewController.swift; sourceTree = "<group>"; };
		C956B3911D02D3A2007D76CD /* MissionViewController.swift */ = {isa = PBXFileReference; fileEncoding = 4; lastKnownFileType = sourcecode.swift; path = MissionViewController.swift; sourceTree = "<group>"; };
		C956B3931D02D4F8007D76CD /* MessageTableViewCell.swift */ = {isa = PBXFileReference; fileEncoding = 4; lastKnownFileType = sourcecode.swift; path = MessageTableViewCell.swift; sourceTree = "<group>"; };
		C956B3951D02D717007D76CD /* MessageTableViewController.swift */ = {isa = PBXFileReference; fileEncoding = 4; lastKnownFileType = sourcecode.swift; path = MessageTableViewController.swift; sourceTree = "<group>"; };
		C956B3971D02D744007D76CD /* ConversationsTableViewController.swift */ = {isa = PBXFileReference; fileEncoding = 4; lastKnownFileType = sourcecode.swift; path = ConversationsTableViewController.swift; sourceTree = "<group>"; };
		C956B3991D02DB06007D76CD /* RulesPageViewController.swift */ = {isa = PBXFileReference; fileEncoding = 4; lastKnownFileType = sourcecode.swift; path = RulesPageViewController.swift; sourceTree = "<group>"; };
		C956B39B1D02DBEC007D76CD /* InfectionsViewController.swift */ = {isa = PBXFileReference; fileEncoding = 4; lastKnownFileType = sourcecode.swift; path = InfectionsViewController.swift; sourceTree = "<group>"; };
		C956B39D1D02DD09007D76CD /* MissionMapViewController.swift */ = {isa = PBXFileReference; fileEncoding = 4; lastKnownFileType = sourcecode.swift; path = MissionMapViewController.swift; sourceTree = "<group>"; };
		C956B3A01D02DFF1007D76CD /* ClanCollectionViewController.swift */ = {isa = PBXFileReference; fileEncoding = 4; lastKnownFileType = sourcecode.swift; name = ClanCollectionViewController.swift; path = ../ClanCollectionViewController.swift; sourceTree = "<group>"; };
		C956B3A21D02E095007D76CD /* ClanDetailTableViewController.swift */ = {isa = PBXFileReference; fileEncoding = 4; lastKnownFileType = sourcecode.swift; path = ClanDetailTableViewController.swift; sourceTree = "<group>"; };
		C9792EF11D52DB7800F91AA2 /* Login.storyboard */ = {isa = PBXFileReference; fileEncoding = 4; lastKnownFileType = file.storyboard; path = Login.storyboard; sourceTree = "<group>"; };
		C9792EF31D5392DA00F91AA2 /* HvZ-Bridging-Header.h */ = {isa = PBXFileReference; lastKnownFileType = sourcecode.c.h; path = "HvZ-Bridging-Header.h"; sourceTree = "<group>"; };
		C9792EF61D53E3EB00F91AA2 /* TitleScreenViewController.swift */ = {isa = PBXFileReference; fileEncoding = 4; lastKnownFileType = sourcecode.swift; path = TitleScreenViewController.swift; sourceTree = "<group>"; };
		C97930981D567C0100F91AA2 /* SearchableFirebaseTableViewDataSource.swift */ = {isa = PBXFileReference; fileEncoding = 4; lastKnownFileType = sourcecode.swift; path = SearchableFirebaseTableViewDataSource.swift; sourceTree = "<group>"; };
		C990C2FD1D035931000547AF /* ChooseProfilePicViewController.swift */ = {isa = PBXFileReference; fileEncoding = 4; lastKnownFileType = sourcecode.swift; path = ChooseProfilePicViewController.swift; sourceTree = "<group>"; };
		C990C3001D037A87000547AF /* Mission+CoreDataProperties.swift */ = {isa = PBXFileReference; fileEncoding = 4; lastKnownFileType = sourcecode.swift; name = "Mission+CoreDataProperties.swift"; path = "Core Data/Mission+CoreDataProperties.swift"; sourceTree = "<group>"; };
		C990C3011D037A87000547AF /* Mission.swift */ = {isa = PBXFileReference; fileEncoding = 4; lastKnownFileType = sourcecode.swift; name = Mission.swift; path = "Core Data/Mission.swift"; sourceTree = "<group>"; };
		C990C3041D037A87000547AF /* Tag+CoreDataProperties.swift */ = {isa = PBXFileReference; fileEncoding = 4; lastKnownFileType = sourcecode.swift; name = "Tag+CoreDataProperties.swift"; path = "Core Data/Tag+CoreDataProperties.swift"; sourceTree = "<group>"; };
		C990C3051D037A87000547AF /* Tag.swift */ = {isa = PBXFileReference; fileEncoding = 4; lastKnownFileType = sourcecode.swift; name = Tag.swift; path = "Core Data/Tag.swift"; sourceTree = "<group>"; };
		C990C3061D037A87000547AF /* Clan+CoreDataProperties.swift */ = {isa = PBXFileReference; fileEncoding = 4; lastKnownFileType = sourcecode.swift; name = "Clan+CoreDataProperties.swift"; path = "Core Data/Clan+CoreDataProperties.swift"; sourceTree = "<group>"; };
		C990C3071D037A87000547AF /* Clan.swift */ = {isa = PBXFileReference; fileEncoding = 4; lastKnownFileType = sourcecode.swift; name = Clan.swift; path = "Core Data/Clan.swift"; sourceTree = "<group>"; };
		C990C3081D037A87000547AF /* Announcement+CoreDataProperties.swift */ = {isa = PBXFileReference; fileEncoding = 4; lastKnownFileType = sourcecode.swift; name = "Announcement+CoreDataProperties.swift"; path = "Core Data/Announcement+CoreDataProperties.swift"; sourceTree = "<group>"; };
		C990C3091D037A87000547AF /* Announcement.swift */ = {isa = PBXFileReference; fileEncoding = 4; lastKnownFileType = sourcecode.swift; name = Announcement.swift; path = "Core Data/Announcement.swift"; sourceTree = "<group>"; };
		C990C30A1D037A87000547AF /* Message+CoreDataProperties.swift */ = {isa = PBXFileReference; fileEncoding = 4; lastKnownFileType = sourcecode.swift; name = "Message+CoreDataProperties.swift"; path = "Core Data/Message+CoreDataProperties.swift"; sourceTree = "<group>"; };
		C990C30B1D037A87000547AF /* Message.swift */ = {isa = PBXFileReference; fileEncoding = 4; lastKnownFileType = sourcecode.swift; name = Message.swift; path = "Core Data/Message.swift"; sourceTree = "<group>"; };
		C990C30C1D037A87000547AF /* MissionWaypoint+CoreDataProperties.swift */ = {isa = PBXFileReference; fileEncoding = 4; lastKnownFileType = sourcecode.swift; name = "MissionWaypoint+CoreDataProperties.swift"; path = "Core Data/MissionWaypoint+CoreDataProperties.swift"; sourceTree = "<group>"; };
		C990C30D1D037A87000547AF /* MissionWaypoint.swift */ = {isa = PBXFileReference; fileEncoding = 4; lastKnownFileType = sourcecode.swift; name = MissionWaypoint.swift; path = "Core Data/MissionWaypoint.swift"; sourceTree = "<group>"; };
		C990C30E1D037A87000547AF /* Team+CoreDataProperties.swift */ = {isa = PBXFileReference; fileEncoding = 4; lastKnownFileType = sourcecode.swift; name = "Team+CoreDataProperties.swift"; path = "Core Data/Team+CoreDataProperties.swift"; sourceTree = "<group>"; };
		C990C30F1D037A87000547AF /* Team.swift */ = {isa = PBXFileReference; fileEncoding = 4; lastKnownFileType = sourcecode.swift; name = Team.swift; path = "Core Data/Team.swift"; sourceTree = "<group>"; };
		C990C3121D037A87000547AF /* Conversation+CoreDataProperties.swift */ = {isa = PBXFileReference; fileEncoding = 4; lastKnownFileType = sourcecode.swift; name = "Conversation+CoreDataProperties.swift"; path = "Core Data/Conversation+CoreDataProperties.swift"; sourceTree = "<group>"; };
		C990C3131D037A87000547AF /* Conversation.swift */ = {isa = PBXFileReference; fileEncoding = 4; lastKnownFileType = sourcecode.swift; name = Conversation.swift; path = "Core Data/Conversation.swift"; sourceTree = "<group>"; };
		C990C3281D037DCB000547AF /* CoreDataTableViewController.swift */ = {isa = PBXFileReference; fileEncoding = 4; lastKnownFileType = sourcecode.swift; path = CoreDataTableViewController.swift; sourceTree = "<group>"; };
		C990C32C1D03810A000547AF /* PlayersTableViewCell.swift */ = {isa = PBXFileReference; fileEncoding = 4; lastKnownFileType = sourcecode.swift; path = PlayersTableViewCell.swift; sourceTree = "<group>"; };
		C990C32E1D0396CF000547AF /* DummyStore.swift */ = {isa = PBXFileReference; fileEncoding = 4; lastKnownFileType = sourcecode.swift; name = DummyStore.swift; path = "Core Data/DummyStore.swift"; sourceTree = "<group>"; };
		C990C3391D03C09C000547AF /* Player.swift */ = {isa = PBXFileReference; fileEncoding = 4; lastKnownFileType = sourcecode.swift; path = Player.swift; sourceTree = "<group>"; };
		C990C33C1D03D999000547AF /* Badge.swift */ = {isa = PBXFileReference; fileEncoding = 4; lastKnownFileType = sourcecode.swift; path = Badge.swift; sourceTree = "<group>"; };
		C990C3401D03E6A0000547AF /* BadgeCollectionViewCell.swift */ = {isa = PBXFileReference; fileEncoding = 4; lastKnownFileType = sourcecode.swift; path = BadgeCollectionViewCell.swift; sourceTree = "<group>"; };
		C9A7D8851D041CBE00D7B2A4 /* BadgePopoverViewController.swift */ = {isa = PBXFileReference; fileEncoding = 4; lastKnownFileType = sourcecode.swift; path = BadgePopoverViewController.swift; sourceTree = "<group>"; };
		C9A7D8871D0422DB00D7B2A4 /* PlayerViewController.swift */ = {isa = PBXFileReference; fileEncoding = 4; lastKnownFileType = sourcecode.swift; path = PlayerViewController.swift; sourceTree = "<group>"; };
		C9A7D8891D042E4900D7B2A4 /* BadgeCollectionViewController.swift */ = {isa = PBXFileReference; fileEncoding = 4; lastKnownFileType = sourcecode.swift; path = BadgeCollectionViewController.swift; sourceTree = "<group>"; };
		C9A7D88B1D04B87F00D7B2A4 /* Growl.wav */ = {isa = PBXFileReference; lastKnownFileType = audio.wav; path = Growl.wav; sourceTree = "<group>"; };
		C9A7D88D1D04B88D00D7B2A4 /* HorrorAmbiance.wav */ = {isa = PBXFileReference; lastKnownFileType = audio.wav; path = HorrorAmbiance.wav; sourceTree = "<group>"; };
		C9A7D88F1D04C4CA00D7B2A4 /* Thriller.mp3 */ = {isa = PBXFileReference; lastKnownFileType = audio.mp3; path = Thriller.mp3; sourceTree = "<group>"; };
		C9A7D8911D04C78E00D7B2A4 /* SignupNavigationController.swift */ = {isa = PBXFileReference; fileEncoding = 4; lastKnownFileType = sourcecode.swift; path = SignupNavigationController.swift; sourceTree = "<group>"; };
		C9A7D8931D052ABC00D7B2A4 /* KeyboardAdaptiveViewController.swift */ = {isa = PBXFileReference; fileEncoding = 4; lastKnownFileType = sourcecode.swift; path = KeyboardAdaptiveViewController.swift; sourceTree = "<group>"; };
		C9C74C7C1D2AD55300799ACA /* GoogleService-Info.plist */ = {isa = PBXFileReference; fileEncoding = 4; lastKnownFileType = text.plist.xml; path = "GoogleService-Info.plist"; sourceTree = "<group>"; };
		D923DC8CDB039B2891C3B620 /* Pods-HvZ.debug.xcconfig */ = {isa = PBXFileReference; includeInIndex = 1; lastKnownFileType = text.xcconfig; name = "Pods-HvZ.debug.xcconfig"; path = "Pods/Target Support Files/Pods-HvZ/Pods-HvZ.debug.xcconfig"; sourceTree = "<group>"; };
		DCCCE8DB38ADE0D680159394 /* Pods-HvZUITests.debug.xcconfig */ = {isa = PBXFileReference; includeInIndex = 1; lastKnownFileType = text.xcconfig; name = "Pods-HvZUITests.debug.xcconfig"; path = "Pods/Target Support Files/Pods-HvZUITests/Pods-HvZUITests.debug.xcconfig"; sourceTree = "<group>"; };
		ED0B2C875B0FD3D89177B6B9 /* Pods-HvZ.release.xcconfig */ = {isa = PBXFileReference; includeInIndex = 1; lastKnownFileType = text.xcconfig; name = "Pods-HvZ.release.xcconfig"; path = "Pods/Target Support Files/Pods-HvZ/Pods-HvZ.release.xcconfig"; sourceTree = "<group>"; };
/* End PBXFileReference section */

/* Begin PBXFrameworksBuildPhase section */
		C956B3501D0117C2007D76CD /* Frameworks */ = {
			isa = PBXFrameworksBuildPhase;
			buildActionMask = 2147483647;
			files = (
				CE99EB19B1BDE2E4DF8D1680 /* Pods_HvZ.framework in Frameworks */,
			);
			runOnlyForDeploymentPostprocessing = 0;
		};
		C956B3671D0117C2007D76CD /* Frameworks */ = {
			isa = PBXFrameworksBuildPhase;
			buildActionMask = 2147483647;
			files = (
				9B790B2DF7BE6EDA62020091 /* Pods_HvZUITests.framework in Frameworks */,
			);
			runOnlyForDeploymentPostprocessing = 0;
		};
/* End PBXFrameworksBuildPhase section */

/* Begin PBXGroup section */
		36B85372473A004B8E9D62D1 /* Pods */ = {
			isa = PBXGroup;
			children = (
				D923DC8CDB039B2891C3B620 /* Pods-HvZ.debug.xcconfig */,
				ED0B2C875B0FD3D89177B6B9 /* Pods-HvZ.release.xcconfig */,
				DCCCE8DB38ADE0D680159394 /* Pods-HvZUITests.debug.xcconfig */,
				1C50C77105236BD8B3EB5691 /* Pods-HvZUITests.release.xcconfig */,
			);
			name = Pods;
			sourceTree = "<group>";
		};
		AC4F440CF7F89462AD3E66BA /* Frameworks */ = {
			isa = PBXGroup;
			children = (
				620BE8E7D8A9D1DFA587928B /* Pods_HvZ.framework */,
				828EB694E04A35C71828D953 /* Pods_HvZUITests.framework */,
			);
			name = Frameworks;
			sourceTree = "<group>";
		};
		C956B34A1D0117C2007D76CD = {
			isa = PBXGroup;
			children = (
				C956B3551D0117C2007D76CD /* HvZ */,
				C956B36D1D0117C2007D76CD /* HvZUITests */,
				C956B3541D0117C2007D76CD /* Products */,
				36B85372473A004B8E9D62D1 /* Pods */,
				AC4F440CF7F89462AD3E66BA /* Frameworks */,
			);
			sourceTree = "<group>";
		};
		C956B3541D0117C2007D76CD /* Products */ = {
			isa = PBXGroup;
			children = (
				C956B3531D0117C2007D76CD /* HvZ.app */,
				C956B36A1D0117C2007D76CD /* HvZUITests.xctest */,
			);
			name = Products;
			sourceTree = "<group>";
		};
		C956B3551D0117C2007D76CD /* HvZ */ = {
			isa = PBXGroup;
			children = (
				C97930981D567C0100F91AA2 /* SearchableFirebaseTableViewDataSource.swift */,
				C9792EF61D53E3EB00F91AA2 /* TitleScreenViewController.swift */,
				C956B3561D0117C2007D76CD /* AppDelegate.swift */,
				C990C2FF1D037A6A000547AF /* Core Data */,
				C990C2FC1D035666000547AF /* Offline Demo Data */,
				C956B3791D029B5B007D76CD /* Supporting Files */,
				C956B35A1D0117C2007D76CD /* Main.storyboard */,
				C9A7D8891D042E4900D7B2A4 /* BadgeCollectionViewController.swift */,
				C9A7D8851D041CBE00D7B2A4 /* BadgePopoverViewController.swift */,
				C956B38D1D02D2BE007D76CD /* PlayersTableViewController.swift */,
				C9A7D8871D0422DB00D7B2A4 /* PlayerViewController.swift */,
				C990C32C1D03810A000547AF /* PlayersTableViewCell.swift */,
				C990C33C1D03D999000547AF /* Badge.swift */,
				C990C3401D03E6A0000547AF /* BadgeCollectionViewCell.swift */,
				C956B38A1D02CF39007D76CD /* StatusViewController.swift */,
				C956B39B1D02DBEC007D76CD /* InfectionsViewController.swift */,
				C956B39D1D02DD09007D76CD /* MissionMapViewController.swift */,
				C956B39F1D02DE20007D76CD /* Messaging */,
				C956B3991D02DB06007D76CD /* RulesPageViewController.swift */,
				C956B3911D02D3A2007D76CD /* MissionViewController.swift */,
				C956B38F1D02D386007D76CD /* MissionsTableViewController.swift */,
				C956B38C1D02CF42007D76CD /* Old Login/Signup */,
			);
			path = HvZ;
			sourceTree = "<group>";
		};
		C956B36D1D0117C2007D76CD /* HvZUITests */ = {
			isa = PBXGroup;
			children = (
				C956B36E1D0117C2007D76CD /* HvZUITests.swift */,
				C956B3701D0117C2007D76CD /* Info.plist */,
			);
			path = HvZUITests;
			sourceTree = "<group>";
		};
		C956B3791D029B5B007D76CD /* Supporting Files */ = {
			isa = PBXGroup;
			children = (
				C9C74C7C1D2AD55300799ACA /* GoogleService-Info.plist */,
				C9A7D88F1D04C4CA00D7B2A4 /* Thriller.mp3 */,
				C9A7D88B1D04B87F00D7B2A4 /* Growl.wav */,
				C9A7D88D1D04B88D00D7B2A4 /* HorrorAmbiance.wav */,
				C956B3601D0117C2007D76CD /* Assets.xcassets */,
				C956B3621D0117C2007D76CD /* LaunchScreen.storyboard */,
				C956B3651D0117C2007D76CD /* Info.plist */,
				C9792EF31D5392DA00F91AA2 /* HvZ-Bridging-Header.h */,
			);
			name = "Supporting Files";
			sourceTree = "<group>";
		};
		C956B38C1D02CF42007D76CD /* Old Login/Signup */ = {
			isa = PBXGroup;
			children = (
				C9792EF11D52DB7800F91AA2 /* Login.storyboard */,
				C956B37A1D02AA54007D76CD /* LegacyTitleScreenViewController.swift */,
				C9A7D8931D052ABC00D7B2A4 /* KeyboardAdaptiveViewController.swift */,
				C9A7D8911D04C78E00D7B2A4 /* SignupNavigationController.swift */,
				C956B3801D02CAB2007D76CD /* SignupNameViewController.swift */,
				C956B37E1D02C85A007D76CD /* LoginViewController.swift */,
				C956B3841D02CD3A007D76CD /* SignupSUNetIDViewController.swift */,
				C956B3821D02CAFE007D76CD /* SignupPasswordViewController.swift */,
				C990C2FD1D035931000547AF /* ChooseProfilePicViewController.swift */,
				C956B3A21D02E095007D76CD /* ClanDetailTableViewController.swift */,
				C956B3A01D02DFF1007D76CD /* ClanCollectionViewController.swift */,
			);
			name = "Old Login/Signup";
			sourceTree = "<group>";
		};
		C956B39F1D02DE20007D76CD /* Messaging */ = {
			isa = PBXGroup;
			children = (
				C956B3971D02D744007D76CD /* ConversationsTableViewController.swift */,
				C956B3951D02D717007D76CD /* MessageTableViewController.swift */,
				C956B3931D02D4F8007D76CD /* MessageTableViewCell.swift */,
			);
			name = Messaging;
			sourceTree = "<group>";
		};
		C990C2FC1D035666000547AF /* Offline Demo Data */ = {
			isa = PBXGroup;
			children = (
				C990C32E1D0396CF000547AF /* DummyStore.swift */,
			);
			name = "Offline Demo Data";
			sourceTree = "<group>";
		};
		C990C2FF1D037A6A000547AF /* Core Data */ = {
			isa = PBXGroup;
			children = (
				C956B35D1D0117C2007D76CD /* HvZ.xcdatamodeld */,
				C990C3281D037DCB000547AF /* CoreDataTableViewController.swift */,
				C990C3391D03C09C000547AF /* Player.swift */,
				C990C3001D037A87000547AF /* Mission+CoreDataProperties.swift */,
				C990C3011D037A87000547AF /* Mission.swift */,
				C990C3041D037A87000547AF /* Tag+CoreDataProperties.swift */,
				C990C3051D037A87000547AF /* Tag.swift */,
				C990C3061D037A87000547AF /* Clan+CoreDataProperties.swift */,
				C990C3071D037A87000547AF /* Clan.swift */,
				C990C3081D037A87000547AF /* Announcement+CoreDataProperties.swift */,
				C990C3091D037A87000547AF /* Announcement.swift */,
				C990C30A1D037A87000547AF /* Message+CoreDataProperties.swift */,
				C990C30B1D037A87000547AF /* Message.swift */,
				C990C30C1D037A87000547AF /* MissionWaypoint+CoreDataProperties.swift */,
				C990C30D1D037A87000547AF /* MissionWaypoint.swift */,
				C990C30E1D037A87000547AF /* Team+CoreDataProperties.swift */,
				C990C30F1D037A87000547AF /* Team.swift */,
				C990C3121D037A87000547AF /* Conversation+CoreDataProperties.swift */,
				C990C3131D037A87000547AF /* Conversation.swift */,
			);
			name = "Core Data";
			sourceTree = "<group>";
		};
/* End PBXGroup section */

/* Begin PBXNativeTarget section */
		C956B3521D0117C2007D76CD /* HvZ */ = {
			isa = PBXNativeTarget;
			buildConfigurationList = C956B3731D0117C2007D76CD /* Build configuration list for PBXNativeTarget "HvZ" */;
			buildPhases = (
				88B4F710CECD48854A5FFE14 /* [CP] Check Pods Manifest.lock */,
				C956B34F1D0117C2007D76CD /* Sources */,
				C956B3501D0117C2007D76CD /* Frameworks */,
				C956B3511D0117C2007D76CD /* Resources */,
				22105BE01D3F95984102D9ED /* [CP] Embed Pods Frameworks */,
				0FEDCB69D60284E485E56B10 /* [CP] Copy Pods Resources */,
			);
			buildRules = (
			);
			dependencies = (
			);
			name = HvZ;
			productName = HvZ;
			productReference = C956B3531D0117C2007D76CD /* HvZ.app */;
			productType = "com.apple.product-type.application";
		};
		C956B3691D0117C2007D76CD /* HvZUITests */ = {
			isa = PBXNativeTarget;
			buildConfigurationList = C956B3761D0117C2007D76CD /* Build configuration list for PBXNativeTarget "HvZUITests" */;
			buildPhases = (
				39C3CB7D36FF923A929E9C68 /* [CP] Check Pods Manifest.lock */,
				C956B3661D0117C2007D76CD /* Sources */,
				C956B3671D0117C2007D76CD /* Frameworks */,
				C956B3681D0117C2007D76CD /* Resources */,
				0E187D74454028351FDC969B /* [CP] Copy Pods Resources */,
			);
			buildRules = (
			);
			dependencies = (
				C956B36C1D0117C2007D76CD /* PBXTargetDependency */,
			);
			name = HvZUITests;
			productName = HvZUITests;
			productReference = C956B36A1D0117C2007D76CD /* HvZUITests.xctest */;
			productType = "com.apple.product-type.bundle.ui-testing";
		};
/* End PBXNativeTarget section */

/* Begin PBXProject section */
		C956B34B1D0117C2007D76CD /* Project object */ = {
			isa = PBXProject;
			attributes = {
				LastSwiftUpdateCheck = 0730;
				LastUpgradeCheck = 0730;
				ORGANIZATIONNAME = "Matthew Mistele";
				TargetAttributes = {
					C956B3521D0117C2007D76CD = {
						CreatedOnToolsVersion = 7.3.1;
						DevelopmentTeam = 64JLV4C56E;
					};
					C956B3691D0117C2007D76CD = {
						CreatedOnToolsVersion = 7.3.1;
						DevelopmentTeam = RK6VF3JEX9;
						TestTargetID = C956B3521D0117C2007D76CD;
					};
				};
			};
			buildConfigurationList = C956B34E1D0117C2007D76CD /* Build configuration list for PBXProject "HvZ" */;
			compatibilityVersion = "Xcode 3.2";
			developmentRegion = English;
			hasScannedForEncodings = 0;
			knownRegions = (
				en,
				Base,
			);
			mainGroup = C956B34A1D0117C2007D76CD;
			productRefGroup = C956B3541D0117C2007D76CD /* Products */;
			projectDirPath = "";
			projectRoot = "";
			targets = (
				C956B3521D0117C2007D76CD /* HvZ */,
				C956B3691D0117C2007D76CD /* HvZUITests */,
			);
		};
/* End PBXProject section */

/* Begin PBXResourcesBuildPhase section */
		C956B3511D0117C2007D76CD /* Resources */ = {
			isa = PBXResourcesBuildPhase;
			buildActionMask = 2147483647;
			files = (
				C9792EF21D52DB7800F91AA2 /* Login.storyboard in Resources */,
				C956B3641D0117C2007D76CD /* LaunchScreen.storyboard in Resources */,
				C9A7D8901D04C4CA00D7B2A4 /* Thriller.mp3 in Resources */,
				C956B3611D0117C2007D76CD /* Assets.xcassets in Resources */,
				C956B35C1D0117C2007D76CD /* Main.storyboard in Resources */,
				C9A7D88E1D04B88D00D7B2A4 /* HorrorAmbiance.wav in Resources */,
				C9A7D88C1D04B87F00D7B2A4 /* Growl.wav in Resources */,
				C9C74C7D1D2AD55300799ACA /* GoogleService-Info.plist in Resources */,
			);
			runOnlyForDeploymentPostprocessing = 0;
		};
		C956B3681D0117C2007D76CD /* Resources */ = {
			isa = PBXResourcesBuildPhase;
			buildActionMask = 2147483647;
			files = (
			);
			runOnlyForDeploymentPostprocessing = 0;
		};
/* End PBXResourcesBuildPhase section */

/* Begin PBXShellScriptBuildPhase section */
		0E187D74454028351FDC969B /* [CP] Copy Pods Resources */ = {
			isa = PBXShellScriptBuildPhase;
			buildActionMask = 2147483647;
			files = (
			);
			inputPaths = (
			);
			name = "[CP] Copy Pods Resources";
			outputPaths = (
			);
			runOnlyForDeploymentPostprocessing = 0;
			shellPath = /bin/sh;
			shellScript = "\"${SRCROOT}/Pods/Target Support Files/Pods-HvZUITests/Pods-HvZUITests-resources.sh\"\n";
			showEnvVarsInLog = 0;
		};
		0FEDCB69D60284E485E56B10 /* [CP] Copy Pods Resources */ = {
			isa = PBXShellScriptBuildPhase;
			buildActionMask = 2147483647;
			files = (
			);
			inputPaths = (
			);
			name = "[CP] Copy Pods Resources";
			outputPaths = (
			);
			runOnlyForDeploymentPostprocessing = 0;
			shellPath = /bin/sh;
			shellScript = "\"${SRCROOT}/Pods/Target Support Files/Pods-HvZ/Pods-HvZ-resources.sh\"\n";
			showEnvVarsInLog = 0;
		};
		22105BE01D3F95984102D9ED /* [CP] Embed Pods Frameworks */ = {
			isa = PBXShellScriptBuildPhase;
			buildActionMask = 2147483647;
			files = (
			);
			inputPaths = (
			);
			name = "[CP] Embed Pods Frameworks";
			outputPaths = (
			);
			runOnlyForDeploymentPostprocessing = 0;
			shellPath = /bin/sh;
			shellScript = "\"${SRCROOT}/Pods/Target Support Files/Pods-HvZ/Pods-HvZ-frameworks.sh\"\n";
			showEnvVarsInLog = 0;
		};
		39C3CB7D36FF923A929E9C68 /* [CP] Check Pods Manifest.lock */ = {
			isa = PBXShellScriptBuildPhase;
			buildActionMask = 2147483647;
			files = (
			);
			inputPaths = (
			);
			name = "[CP] Check Pods Manifest.lock";
			outputPaths = (
			);
			runOnlyForDeploymentPostprocessing = 0;
			shellPath = /bin/sh;
			shellScript = "diff \"${PODS_ROOT}/../Podfile.lock\" \"${PODS_ROOT}/Manifest.lock\" > /dev/null\nif [[ $? != 0 ]] ; then\n    cat << EOM\nerror: The sandbox is not in sync with the Podfile.lock. Run 'pod install' or update your CocoaPods installation.\nEOM\n    exit 1\nfi\n";
			showEnvVarsInLog = 0;
		};
		88B4F710CECD48854A5FFE14 /* [CP] Check Pods Manifest.lock */ = {
			isa = PBXShellScriptBuildPhase;
			buildActionMask = 2147483647;
			files = (
			);
			inputPaths = (
			);
			name = "[CP] Check Pods Manifest.lock";
			outputPaths = (
			);
			runOnlyForDeploymentPostprocessing = 0;
			shellPath = /bin/sh;
			shellScript = "diff \"${PODS_ROOT}/../Podfile.lock\" \"${PODS_ROOT}/Manifest.lock\" > /dev/null\nif [[ $? != 0 ]] ; then\n    cat << EOM\nerror: The sandbox is not in sync with the Podfile.lock. Run 'pod install' or update your CocoaPods installation.\nEOM\n    exit 1\nfi\n";
			showEnvVarsInLog = 0;
		};
/* End PBXShellScriptBuildPhase section */

/* Begin PBXSourcesBuildPhase section */
		C956B34F1D0117C2007D76CD /* Sources */ = {
			isa = PBXSourcesBuildPhase;
			buildActionMask = 2147483647;
			files = (
				C990C3231D037A87000547AF /* Team.swift in Sources */,
				C990C3151D037A87000547AF /* Mission.swift in Sources */,
				C956B37F1D02C85A007D76CD /* LoginViewController.swift in Sources */,
				C9792EF71D53E3EB00F91AA2 /* TitleScreenViewController.swift in Sources */,
				C956B3831D02CAFE007D76CD /* SignupPasswordViewController.swift in Sources */,
				C9A7D8921D04C78E00D7B2A4 /* SignupNavigationController.swift in Sources */,
				C990C32D1D03810A000547AF /* PlayersTableViewCell.swift in Sources */,
				C990C31B1D037A87000547AF /* Clan.swift in Sources */,
				C990C3261D037A87000547AF /* Conversation+CoreDataProperties.swift in Sources */,
				C990C3271D037A87000547AF /* Conversation.swift in Sources */,
				C956B35F1D0117C2007D76CD /* HvZ.xcdatamodeld in Sources */,
				C990C33D1D03D999000547AF /* Badge.swift in Sources */,
				C956B37B1D02AA54007D76CD /* LegacyTitleScreenViewController.swift in Sources */,
				C956B3901D02D386007D76CD /* MissionsTableViewController.swift in Sources */,
				C9A7D8941D052ABC00D7B2A4 /* KeyboardAdaptiveViewController.swift in Sources */,
				C97930991D567C0100F91AA2 /* SearchableFirebaseTableViewDataSource.swift in Sources */,
				C956B38E1D02D2BE007D76CD /* PlayersTableViewController.swift in Sources */,
				C956B3981D02D744007D76CD /* ConversationsTableViewController.swift in Sources */,
				C9A7D88A1D042E4900D7B2A4 /* BadgeCollectionViewController.swift in Sources */,
				C9A7D8881D0422DB00D7B2A4 /* PlayerViewController.swift in Sources */,
				C956B38B1D02CF39007D76CD /* StatusViewController.swift in Sources */,
				C990C32F1D0396CF000547AF /* DummyStore.swift in Sources */,
				C990C3291D037DCB000547AF /* CoreDataTableViewController.swift in Sources */,
				C956B3961D02D717007D76CD /* MessageTableViewController.swift in Sources */,
				C990C31F1D037A87000547AF /* Message.swift in Sources */,
				C990C3201D037A87000547AF /* MissionWaypoint+CoreDataProperties.swift in Sources */,
				C990C31C1D037A87000547AF /* Announcement+CoreDataProperties.swift in Sources */,
				C990C3191D037A87000547AF /* Tag.swift in Sources */,
				C990C3411D03E6A0000547AF /* BadgeCollectionViewCell.swift in Sources */,
				C956B3A11D02DFF1007D76CD /* ClanCollectionViewController.swift in Sources */,
				C956B3941D02D4F8007D76CD /* MessageTableViewCell.swift in Sources */,
				C956B39A1D02DB06007D76CD /* RulesPageViewController.swift in Sources */,
				C990C31E1D037A87000547AF /* Message+CoreDataProperties.swift in Sources */,
				C990C31D1D037A87000547AF /* Announcement.swift in Sources */,
				C990C2FE1D035931000547AF /* ChooseProfilePicViewController.swift in Sources */,
				C990C3181D037A87000547AF /* Tag+CoreDataProperties.swift in Sources */,
				C990C3221D037A87000547AF /* Team+CoreDataProperties.swift in Sources */,
				C956B3851D02CD3A007D76CD /* SignupSUNetIDViewController.swift in Sources */,
				C9A7D8861D041CBE00D7B2A4 /* BadgePopoverViewController.swift in Sources */,
				C956B3811D02CAB2007D76CD /* SignupNameViewController.swift in Sources */,
				C956B39C1D02DBEC007D76CD /* InfectionsViewController.swift in Sources */,
				C990C31A1D037A87000547AF /* Clan+CoreDataProperties.swift in Sources */,
				C956B3921D02D3A2007D76CD /* MissionViewController.swift in Sources */,
				C990C3211D037A87000547AF /* MissionWaypoint.swift in Sources */,
				C956B39E1D02DD09007D76CD /* MissionMapViewController.swift in Sources */,
				C956B3571D0117C2007D76CD /* AppDelegate.swift in Sources */,
				C956B3A31D02E095007D76CD /* ClanDetailTableViewController.swift in Sources */,
				C990C3141D037A87000547AF /* Mission+CoreDataProperties.swift in Sources */,
				C990C33B1D03C09C000547AF /* Player.swift in Sources */,
			);
			runOnlyForDeploymentPostprocessing = 0;
		};
		C956B3661D0117C2007D76CD /* Sources */ = {
			isa = PBXSourcesBuildPhase;
			buildActionMask = 2147483647;
			files = (
				C956B36F1D0117C2007D76CD /* HvZUITests.swift in Sources */,
			);
			runOnlyForDeploymentPostprocessing = 0;
		};
/* End PBXSourcesBuildPhase section */

/* Begin PBXTargetDependency section */
		C956B36C1D0117C2007D76CD /* PBXTargetDependency */ = {
			isa = PBXTargetDependency;
			target = C956B3521D0117C2007D76CD /* HvZ */;
			targetProxy = C956B36B1D0117C2007D76CD /* PBXContainerItemProxy */;
		};
/* End PBXTargetDependency section */

/* Begin PBXVariantGroup section */
		C956B35A1D0117C2007D76CD /* Main.storyboard */ = {
			isa = PBXVariantGroup;
			children = (
				C956B35B1D0117C2007D76CD /* Base */,
			);
			name = Main.storyboard;
			sourceTree = "<group>";
		};
		C956B3621D0117C2007D76CD /* LaunchScreen.storyboard */ = {
			isa = PBXVariantGroup;
			children = (
				C956B3631D0117C2007D76CD /* Base */,
			);
			name = LaunchScreen.storyboard;
			sourceTree = "<group>";
		};
/* End PBXVariantGroup section */

/* Begin XCBuildConfiguration section */
		C956B3711D0117C2007D76CD /* Debug */ = {
			isa = XCBuildConfiguration;
			buildSettings = {
				ALWAYS_SEARCH_USER_PATHS = NO;
				CLANG_ANALYZER_NONNULL = YES;
				CLANG_CXX_LANGUAGE_STANDARD = "gnu++0x";
				CLANG_CXX_LIBRARY = "libc++";
				CLANG_ENABLE_MODULES = YES;
				CLANG_ENABLE_OBJC_ARC = YES;
				CLANG_WARN_BOOL_CONVERSION = YES;
				CLANG_WARN_CONSTANT_CONVERSION = YES;
				CLANG_WARN_DIRECT_OBJC_ISA_USAGE = YES_ERROR;
				CLANG_WARN_EMPTY_BODY = YES;
				CLANG_WARN_ENUM_CONVERSION = YES;
				CLANG_WARN_INT_CONVERSION = YES;
				CLANG_WARN_OBJC_ROOT_CLASS = YES_ERROR;
				CLANG_WARN_UNREACHABLE_CODE = YES;
				CLANG_WARN__DUPLICATE_METHOD_MATCH = YES;
				"CODE_SIGN_IDENTITY[sdk=iphoneos*]" = "iPhone Developer";
				COPY_PHASE_STRIP = NO;
				DEBUG_INFORMATION_FORMAT = dwarf;
				ENABLE_STRICT_OBJC_MSGSEND = YES;
				ENABLE_TESTABILITY = YES;
				GCC_C_LANGUAGE_STANDARD = gnu99;
				GCC_DYNAMIC_NO_PIC = NO;
				GCC_NO_COMMON_BLOCKS = YES;
				GCC_OPTIMIZATION_LEVEL = 0;
				GCC_PREPROCESSOR_DEFINITIONS = (
					"DEBUG=1",
					"$(inherited)",
				);
				GCC_WARN_64_TO_32_BIT_CONVERSION = YES;
				GCC_WARN_ABOUT_RETURN_TYPE = YES_ERROR;
				GCC_WARN_UNDECLARED_SELECTOR = YES;
				GCC_WARN_UNINITIALIZED_AUTOS = YES_AGGRESSIVE;
				GCC_WARN_UNUSED_FUNCTION = YES;
				GCC_WARN_UNUSED_VARIABLE = YES;
				IPHONEOS_DEPLOYMENT_TARGET = 9.3;
				MTL_ENABLE_DEBUG_INFO = YES;
				ONLY_ACTIVE_ARCH = YES;
				SDKROOT = iphoneos;
				SWIFT_OPTIMIZATION_LEVEL = "-Onone";
				TARGETED_DEVICE_FAMILY = "1,2";
			};
			name = Debug;
		};
		C956B3721D0117C2007D76CD /* Release */ = {
			isa = XCBuildConfiguration;
			buildSettings = {
				ALWAYS_SEARCH_USER_PATHS = NO;
				CLANG_ANALYZER_NONNULL = YES;
				CLANG_CXX_LANGUAGE_STANDARD = "gnu++0x";
				CLANG_CXX_LIBRARY = "libc++";
				CLANG_ENABLE_MODULES = YES;
				CLANG_ENABLE_OBJC_ARC = YES;
				CLANG_WARN_BOOL_CONVERSION = YES;
				CLANG_WARN_CONSTANT_CONVERSION = YES;
				CLANG_WARN_DIRECT_OBJC_ISA_USAGE = YES_ERROR;
				CLANG_WARN_EMPTY_BODY = YES;
				CLANG_WARN_ENUM_CONVERSION = YES;
				CLANG_WARN_INT_CONVERSION = YES;
				CLANG_WARN_OBJC_ROOT_CLASS = YES_ERROR;
				CLANG_WARN_UNREACHABLE_CODE = YES;
				CLANG_WARN__DUPLICATE_METHOD_MATCH = YES;
				"CODE_SIGN_IDENTITY[sdk=iphoneos*]" = "iPhone Developer";
				COPY_PHASE_STRIP = NO;
				DEBUG_INFORMATION_FORMAT = "dwarf-with-dsym";
				ENABLE_NS_ASSERTIONS = NO;
				ENABLE_STRICT_OBJC_MSGSEND = YES;
				GCC_C_LANGUAGE_STANDARD = gnu99;
				GCC_NO_COMMON_BLOCKS = YES;
				GCC_WARN_64_TO_32_BIT_CONVERSION = YES;
				GCC_WARN_ABOUT_RETURN_TYPE = YES_ERROR;
				GCC_WARN_UNDECLARED_SELECTOR = YES;
				GCC_WARN_UNINITIALIZED_AUTOS = YES_AGGRESSIVE;
				GCC_WARN_UNUSED_FUNCTION = YES;
				GCC_WARN_UNUSED_VARIABLE = YES;
				IPHONEOS_DEPLOYMENT_TARGET = 9.3;
				MTL_ENABLE_DEBUG_INFO = NO;
				SDKROOT = iphoneos;
				TARGETED_DEVICE_FAMILY = "1,2";
				VALIDATE_PRODUCT = YES;
			};
			name = Release;
		};
		C956B3741D0117C2007D76CD /* Debug */ = {
			isa = XCBuildConfiguration;
			baseConfigurationReference = D923DC8CDB039B2891C3B620 /* Pods-HvZ.debug.xcconfig */;
			buildSettings = {
				ASSETCATALOG_COMPILER_APPICON_NAME = AppIcon;
				CLANG_ENABLE_MODULES = YES;
				CODE_SIGN_IDENTITY = "iPhone Developer";
				"CODE_SIGN_IDENTITY[sdk=iphoneos*]" = "iPhone Developer";
				INFOPLIST_FILE = HvZ/Info.plist;
				LD_RUNPATH_SEARCH_PATHS = "$(inherited) @executable_path/Frameworks";
				PRODUCT_BUNDLE_IDENTIFIER = edu.stanford.HvZ;
				PRODUCT_NAME = "$(TARGET_NAME)";
				PROVISIONING_PROFILE = "";
				SWIFT_OBJC_BRIDGING_HEADER = "HvZ/HvZ-Bridging-Header.h";
				SWIFT_OPTIMIZATION_LEVEL = "-Onone";
			};
			name = Debug;
		};
		C956B3751D0117C2007D76CD /* Release */ = {
			isa = XCBuildConfiguration;
			baseConfigurationReference = ED0B2C875B0FD3D89177B6B9 /* Pods-HvZ.release.xcconfig */;
			buildSettings = {
				ASSETCATALOG_COMPILER_APPICON_NAME = AppIcon;
				CLANG_ENABLE_MODULES = YES;
				CODE_SIGN_IDENTITY = "iPhone Developer";
				"CODE_SIGN_IDENTITY[sdk=iphoneos*]" = "iPhone Developer";
				INFOPLIST_FILE = HvZ/Info.plist;
				LD_RUNPATH_SEARCH_PATHS = "$(inherited) @executable_path/Frameworks";
				PRODUCT_BUNDLE_IDENTIFIER = edu.stanford.HvZ;
				PRODUCT_NAME = "$(TARGET_NAME)";
				PROVISIONING_PROFILE = "";
				SWIFT_OBJC_BRIDGING_HEADER = "HvZ/HvZ-Bridging-Header.h";
			};
			name = Release;
		};
		C956B3771D0117C2007D76CD /* Debug */ = {
			isa = XCBuildConfiguration;
			baseConfigurationReference = DCCCE8DB38ADE0D680159394 /* Pods-HvZUITests.debug.xcconfig */;
			buildSettings = {
				INFOPLIST_FILE = HvZUITests/Info.plist;
				LD_RUNPATH_SEARCH_PATHS = "$(inherited) @executable_path/Frameworks @loader_path/Frameworks";
				PRODUCT_BUNDLE_IDENTIFIER = edu.stanford.mmistele.HvZUITests;
				PRODUCT_NAME = "$(TARGET_NAME)";
				TEST_TARGET_NAME = HvZ;
			};
			name = Debug;
		};
		C956B3781D0117C2007D76CD /* Release */ = {
			isa = XCBuildConfiguration;
			baseConfigurationReference = 1C50C77105236BD8B3EB5691 /* Pods-HvZUITests.release.xcconfig */;
			buildSettings = {
				INFOPLIST_FILE = HvZUITests/Info.plist;
				LD_RUNPATH_SEARCH_PATHS = "$(inherited) @executable_path/Frameworks @loader_path/Frameworks";
				PRODUCT_BUNDLE_IDENTIFIER = edu.stanford.mmistele.HvZUITests;
				PRODUCT_NAME = "$(TARGET_NAME)";
				TEST_TARGET_NAME = HvZ;
			};
			name = Release;
		};
/* End XCBuildConfiguration section */

/* Begin XCConfigurationList section */
		C956B34E1D0117C2007D76CD /* Build configuration list for PBXProject "HvZ" */ = {
			isa = XCConfigurationList;
			buildConfigurations = (
				C956B3711D0117C2007D76CD /* Debug */,
				C956B3721D0117C2007D76CD /* Release */,
			);
			defaultConfigurationIsVisible = 0;
			defaultConfigurationName = Release;
		};
		C956B3731D0117C2007D76CD /* Build configuration list for PBXNativeTarget "HvZ" */ = {
			isa = XCConfigurationList;
			buildConfigurations = (
				C956B3741D0117C2007D76CD /* Debug */,
				C956B3751D0117C2007D76CD /* Release */,
			);
			defaultConfigurationIsVisible = 0;
			defaultConfigurationName = Release;
		};
		C956B3761D0117C2007D76CD /* Build configuration list for PBXNativeTarget "HvZUITests" */ = {
			isa = XCConfigurationList;
			buildConfigurations = (
				C956B3771D0117C2007D76CD /* Debug */,
				C956B3781D0117C2007D76CD /* Release */,
			);
			defaultConfigurationIsVisible = 0;
			defaultConfigurationName = Release;
		};
/* End XCConfigurationList section */

/* Begin XCVersionGroup section */
		C956B35D1D0117C2007D76CD /* HvZ.xcdatamodeld */ = {
			isa = XCVersionGroup;
			children = (
				C956B35E1D0117C2007D76CD /* HvZ.xcdatamodel */,
			);
			currentVersion = C956B35E1D0117C2007D76CD /* HvZ.xcdatamodel */;
			path = HvZ.xcdatamodeld;
			sourceTree = "<group>";
			versionGroupType = wrapper.xcdatamodel;
		};
/* End XCVersionGroup section */
	};
	rootObject = C956B34B1D0117C2007D76CD /* Project object */;
}
